
Microsoft Visual Studio Solution File, Format Version 12.00
# Visual Studio Version 17
VisualStudioVersion = 17.3.32929.385
MinimumVisualStudioVersion = 10.0.40219.1
Project("{FAE04EC0-301F-11D3-BF4B-00C04F79EFBC}") = "Graph-kursovaiya", "Graph-kursovaiya.csproj", "{BED1EC26-288B-46F8-A5B3-7A79706096A8}"
EndProject
Global
	GlobalSection(SolutionConfigurationPlatforms) = preSolution
		Debug|Any CPU = Debug|Any CPU
		Release|Any CPU = Release|Any CPU
	EndGlobalSection
	GlobalSection(ProjectConfigurationPlatforms) = postSolution
		{BED1EC26-288B-46F8-A5B3-7A79706096A8}.Debug|Any CPU.ActiveCfg = Debug|Any CPU
		{BED1EC26-288B-46F8-A5B3-7A79706096A8}.Debug|Any CPU.Build.0 = Debug|Any CPU
		{BED1EC26-288B-46F8-A5B3-7A79706096A8}.Release|Any CPU.ActiveCfg = Release|Any CPU
		{BED1EC26-288B-46F8-A5B3-7A79706096A8}.Release|Any CPU.Build.0 = Release|Any CPU
	EndGlobalSection
	GlobalSection(SolutionProperties) = preSolution
		HideSolutionNode = FALSE
	EndGlobalSection
	GlobalSection(ExtensibilityGlobals) = postSolution
		SolutionGuid = {FC31BB85-E04F-40A8-A3A5-8C4DAEFC2B7C}
	EndGlobalSection
EndGlobal
